
Microsoft Visual Studio Solution File, Format Version 12.00
# Visual Studio Version 17
VisualStudioVersion = 17.8.34601.278
MinimumVisualStudioVersion = 10.0.40219.1
Project("{FAE04EC0-301F-11D3-BF4B-00C04F79EFBC}") = "ConsoleAppForGit", "ConsoleAppForGit\ConsoleAppForGit.csproj", "{A7119FF1-9ADE-4353-91A5-97FEC3F1EC25}"
EndProject
Global
	GlobalSection(SolutionConfigurationPlatforms) = preSolution
		Debug|Any CPU = Debug|Any CPU
		Release|Any CPU = Release|Any CPU
	EndGlobalSection
	GlobalSection(ProjectConfigurationPlatforms) = postSolution
		{A7119FF1-9ADE-4353-91A5-97FEC3F1EC25}.Debug|Any CPU.ActiveCfg = Debug|Any CPU
		{A7119FF1-9ADE-4353-91A5-97FEC3F1EC25}.Debug|Any CPU.Build.0 = Debug|Any CPU
		{A7119FF1-9ADE-4353-91A5-97FEC3F1EC25}.Release|Any CPU.ActiveCfg = Release|Any CPU
		{A7119FF1-9ADE-4353-91A5-97FEC3F1EC25}.Release|Any CPU.Build.0 = Release|Any CPU
	EndGlobalSection
	GlobalSection(SolutionProperties) = preSolution
		HideSolutionNode = FALSE
	EndGlobalSection
	GlobalSection(ExtensibilityGlobals) = postSolution
		SolutionGuid = {BE5A4A8D-4D45-4908-889F-91A288017F44}
	EndGlobalSection
EndGlobal
